// !$*UTF8*$!
{
	archiveVersion = 1;
	classes = {
	};
	objectVersion = 56;
	objects = {

/* Begin PBXBuildFile section */
		F70B7C3F2A5D470F008CE1E0 /* PageIndexView.swift in Sources */ = {isa = PBXBuildFile; fileRef = F70B7C3E2A5D470F008CE1E0 /* PageIndexView.swift */; };
		F70B7C412A5D4732008CE1E0 /* OnboardingPagerView.swift in Sources */ = {isa = PBXBuildFile; fileRef = F70B7C402A5D4732008CE1E0 /* OnboardingPagerView.swift */; };
		F7738B3B2A1E08D300F83902 /* HIITFitApp.swift in Sources */ = {isa = PBXBuildFile; fileRef = F7738B3A2A1E08D300F83902 /* HIITFitApp.swift */; };
		F7738B3D2A1E08D300F83902 /* ContentView.swift in Sources */ = {isa = PBXBuildFile; fileRef = F7738B3C2A1E08D300F83902 /* ContentView.swift */; };
		F7738B3F2A1E08D500F83902 /* Assets.xcassets in Resources */ = {isa = PBXBuildFile; fileRef = F7738B3E2A1E08D500F83902 /* Assets.xcassets */; };
		F7738B422A1E08D500F83902 /* Preview Assets.xcassets in Resources */ = {isa = PBXBuildFile; fileRef = F7738B412A1E08D500F83902 /* Preview Assets.xcassets */; };
		F7738B4C2A1E08D600F83902 /* HIITFitTests.swift in Sources */ = {isa = PBXBuildFile; fileRef = F7738B4B2A1E08D600F83902 /* HIITFitTests.swift */; };
		F7738B562A1E08D600F83902 /* HIITFitUITests.swift in Sources */ = {isa = PBXBuildFile; fileRef = F7738B552A1E08D600F83902 /* HIITFitUITests.swift */; };
		F7738B582A1E08D600F83902 /* HIITFitUITestsLaunchTests.swift in Sources */ = {isa = PBXBuildFile; fileRef = F7738B572A1E08D600F83902 /* HIITFitUITestsLaunchTests.swift */; };
		F7738B652A1E2CD000F83902 /* WelcomeView.swift in Sources */ = {isa = PBXBuildFile; fileRef = F7738B642A1E2CD000F83902 /* WelcomeView.swift */; };
		F7738B672A1E2CED00F83902 /* ExcerciseView.swift in Sources */ = {isa = PBXBuildFile; fileRef = F7738B662A1E2CED00F83902 /* ExcerciseView.swift */; };
/* End PBXBuildFile section */

/* Begin PBXContainerItemProxy section */
		F7738B482A1E08D500F83902 /* PBXContainerItemProxy */ = {
			isa = PBXContainerItemProxy;
			containerPortal = F7738B2F2A1E08D300F83902 /* Project object */;
			proxyType = 1;
			remoteGlobalIDString = F7738B362A1E08D300F83902;
			remoteInfo = HIITFit;
		};
		F7738B522A1E08D600F83902 /* PBXContainerItemProxy */ = {
			isa = PBXContainerItemProxy;
			containerPortal = F7738B2F2A1E08D300F83902 /* Project object */;
			proxyType = 1;
			remoteGlobalIDString = F7738B362A1E08D300F83902;
			remoteInfo = HIITFit;
		};
/* End PBXContainerItemProxy section */

/* Begin PBXFileReference section */
		F70B7C3E2A5D470F008CE1E0 /* PageIndexView.swift */ = {isa = PBXFileReference; lastKnownFileType = sourcecode.swift; path = PageIndexView.swift; sourceTree = "<group>"; };
		F70B7C402A5D4732008CE1E0 /* OnboardingPagerView.swift */ = {isa = PBXFileReference; lastKnownFileType = sourcecode.swift; path = OnboardingPagerView.swift; sourceTree = "<group>"; };
		F7738B372A1E08D300F83902 /* HIITFit.app */ = {isa = PBXFileReference; explicitFileType = wrapper.application; includeInIndex = 0; path = HIITFit.app; sourceTree = BUILT_PRODUCTS_DIR; };
		F7738B3A2A1E08D300F83902 /* HIITFitApp.swift */ = {isa = PBXFileReference; lastKnownFileType = sourcecode.swift; path = HIITFitApp.swift; sourceTree = "<group>"; };
		F7738B3C2A1E08D300F83902 /* ContentView.swift */ = {isa = PBXFileReference; lastKnownFileType = sourcecode.swift; path = ContentView.swift; sourceTree = "<group>"; };
		F7738B3E2A1E08D500F83902 /* Assets.xcassets */ = {isa = PBXFileReference; lastKnownFileType = folder.assetcatalog; path = Assets.xcassets; sourceTree = "<group>"; };
		F7738B412A1E08D500F83902 /* Preview Assets.xcassets */ = {isa = PBXFileReference; lastKnownFileType = folder.assetcatalog; path = "Preview Assets.xcassets"; sourceTree = "<group>"; };
		F7738B472A1E08D500F83902 /* HIITFitTests.xctest */ = {isa = PBXFileReference; explicitFileType = wrapper.cfbundle; includeInIndex = 0; path = HIITFitTests.xctest; sourceTree = BUILT_PRODUCTS_DIR; };
		F7738B4B2A1E08D600F83902 /* HIITFitTests.swift */ = {isa = PBXFileReference; lastKnownFileType = sourcecode.swift; path = HIITFitTests.swift; sourceTree = "<group>"; };
		F7738B512A1E08D600F83902 /* HIITFitUITests.xctest */ = {isa = PBXFileReference; explicitFileType = wrapper.cfbundle; includeInIndex = 0; path = HIITFitUITests.xctest; sourceTree = BUILT_PRODUCTS_DIR; };
		F7738B552A1E08D600F83902 /* HIITFitUITests.swift */ = {isa = PBXFileReference; lastKnownFileType = sourcecode.swift; path = HIITFitUITests.swift; sourceTree = "<group>"; };
		F7738B572A1E08D600F83902 /* HIITFitUITestsLaunchTests.swift */ = {isa = PBXFileReference; lastKnownFileType = sourcecode.swift; path = HIITFitUITestsLaunchTests.swift; sourceTree = "<group>"; };
		F7738B642A1E2CD000F83902 /* WelcomeView.swift */ = {isa = PBXFileReference; lastKnownFileType = sourcecode.swift; path = WelcomeView.swift; sourceTree = "<group>"; };
		F7738B662A1E2CED00F83902 /* ExcerciseView.swift */ = {isa = PBXFileReference; lastKnownFileType = sourcecode.swift; path = ExcerciseView.swift; sourceTree = "<group>"; };
/* End PBXFileReference section */

/* Begin PBXFrameworksBuildPhase section */
		F7738B342A1E08D300F83902 /* Frameworks */ = {
			isa = PBXFrameworksBuildPhase;
			buildActionMask = 2147483647;
			files = (
			);
			runOnlyForDeploymentPostprocessing = 0;
		};
		F7738B442A1E08D500F83902 /* Frameworks */ = {
			isa = PBXFrameworksBuildPhase;
			buildActionMask = 2147483647;
			files = (
			);
			runOnlyForDeploymentPostprocessing = 0;
		};
		F7738B4E2A1E08D600F83902 /* Frameworks */ = {
			isa = PBXFrameworksBuildPhase;
			buildActionMask = 2147483647;
			files = (
			);
			runOnlyForDeploymentPostprocessing = 0;
		};
/* End PBXFrameworksBuildPhase section */

/* Begin PBXGroup section */
		F7738B2E2A1E08D300F83902 = {
			isa = PBXGroup;
			children = (
				F7738B392A1E08D300F83902 /* HIITFit */,
				F7738B4A2A1E08D600F83902 /* HIITFitTests */,
				F7738B542A1E08D600F83902 /* HIITFitUITests */,
				F7738B382A1E08D300F83902 /* Products */,
			);
			sourceTree = "<group>";
		};
		F7738B382A1E08D300F83902 /* Products */ = {
			isa = PBXGroup;
			children = (
				F7738B372A1E08D300F83902 /* HIITFit.app */,
				F7738B472A1E08D500F83902 /* HIITFitTests.xctest */,
				F7738B512A1E08D600F83902 /* HIITFitUITests.xctest */,
			);
			name = Products;
			sourceTree = "<group>";
		};
		F7738B392A1E08D300F83902 /* HIITFit */ = {
			isa = PBXGroup;
			children = (
				F7738B3A2A1E08D300F83902 /* HIITFitApp.swift */,
				F7738B682A1E2CFF00F83902 /* Views */,
				F7738B3E2A1E08D500F83902 /* Assets.xcassets */,
				F7738B402A1E08D500F83902 /* Preview Content */,
			);
			path = HIITFit;
			sourceTree = "<group>";
		};
		F7738B402A1E08D500F83902 /* Preview Content */ = {
			isa = PBXGroup;
			children = (
				F7738B412A1E08D500F83902 /* Preview Assets.xcassets */,
			);
			path = "Preview Content";
			sourceTree = "<group>";
		};
		F7738B4A2A1E08D600F83902 /* HIITFitTests */ = {
			isa = PBXGroup;
			children = (
				F7738B4B2A1E08D600F83902 /* HIITFitTests.swift */,
			);
			path = HIITFitTests;
			sourceTree = "<group>";
		};
		F7738B542A1E08D600F83902 /* HIITFitUITests */ = {
			isa = PBXGroup;
			children = (
				F7738B552A1E08D600F83902 /* HIITFitUITests.swift */,
				F7738B572A1E08D600F83902 /* HIITFitUITestsLaunchTests.swift */,
			);
			path = HIITFitUITests;
			sourceTree = "<group>";
		};
		F7738B682A1E2CFF00F83902 /* Views */ = {
			isa = PBXGroup;
			children = (
				F798BCE02A5E8C39003B22D4 /* PagerView */,
				F7738B3C2A1E08D300F83902 /* ContentView.swift */,
				F7738B642A1E2CD000F83902 /* WelcomeView.swift */,
				F7738B662A1E2CED00F83902 /* ExcerciseView.swift */,
			);
			path = Views;
			sourceTree = "<group>";
		};
		F798BCE02A5E8C39003B22D4 /* PagerView */ = {
			isa = PBXGroup;
			children = (
				F70B7C3E2A5D470F008CE1E0 /* PageIndexView.swift */,
				F70B7C402A5D4732008CE1E0 /* OnboardingPagerView.swift */,
			);
			path = PagerView;
			sourceTree = "<group>";
		};
/* End PBXGroup section */

/* Begin PBXNativeTarget section */
		F7738B362A1E08D300F83902 /* HIITFit */ = {
			isa = PBXNativeTarget;
			buildConfigurationList = F7738B5B2A1E08D600F83902 /* Build configuration list for PBXNativeTarget "HIITFit" */;
			buildPhases = (
				F7738B332A1E08D300F83902 /* Sources */,
				F7738B342A1E08D300F83902 /* Frameworks */,
				F7738B352A1E08D300F83902 /* Resources */,
			);
			buildRules = (
			);
			dependencies = (
			);
			name = HIITFit;
			productName = HIITFit;
			productReference = F7738B372A1E08D300F83902 /* HIITFit.app */;
			productType = "com.apple.product-type.application";
		};
		F7738B462A1E08D500F83902 /* HIITFitTests */ = {
			isa = PBXNativeTarget;
			buildConfigurationList = F7738B5E2A1E08D600F83902 /* Build configuration list for PBXNativeTarget "HIITFitTests" */;
			buildPhases = (
				F7738B432A1E08D500F83902 /* Sources */,
				F7738B442A1E08D500F83902 /* Frameworks */,
				F7738B452A1E08D500F83902 /* Resources */,
			);
			buildRules = (
			);
			dependencies = (
				F7738B492A1E08D500F83902 /* PBXTargetDependency */,
			);
			name = HIITFitTests;
			productName = HIITFitTests;
			productReference = F7738B472A1E08D500F83902 /* HIITFitTests.xctest */;
			productType = "com.apple.product-type.bundle.unit-test";
		};
		F7738B502A1E08D600F83902 /* HIITFitUITests */ = {
			isa = PBXNativeTarget;
			buildConfigurationList = F7738B612A1E08D600F83902 /* Build configuration list for PBXNativeTarget "HIITFitUITests" */;
			buildPhases = (
				F7738B4D2A1E08D600F83902 /* Sources */,
				F7738B4E2A1E08D600F83902 /* Frameworks */,
				F7738B4F2A1E08D600F83902 /* Resources */,
			);
			buildRules = (
			);
			dependencies = (
				F7738B532A1E08D600F83902 /* PBXTargetDependency */,
			);
			name = HIITFitUITests;
			productName = HIITFitUITests;
			productReference = F7738B512A1E08D600F83902 /* HIITFitUITests.xctest */;
			productType = "com.apple.product-type.bundle.ui-testing";
		};
/* End PBXNativeTarget section */

/* Begin PBXProject section */
		F7738B2F2A1E08D300F83902 /* Project object */ = {
			isa = PBXProject;
			attributes = {
				BuildIndependentTargetsInParallel = 1;
				LastSwiftUpdateCheck = 1420;
				LastUpgradeCheck = 1420;
				TargetAttributes = {
					F7738B362A1E08D300F83902 = {
						CreatedOnToolsVersion = 14.2;
					};
					F7738B462A1E08D500F83902 = {
						CreatedOnToolsVersion = 14.2;
						TestTargetID = F7738B362A1E08D300F83902;
					};
					F7738B502A1E08D600F83902 = {
						CreatedOnToolsVersion = 14.2;
						TestTargetID = F7738B362A1E08D300F83902;
					};
				};
			};
			buildConfigurationList = F7738B322A1E08D300F83902 /* Build configuration list for PBXProject "HIITFit" */;
			compatibilityVersion = "Xcode 14.0";
			developmentRegion = en;
			hasScannedForEncodings = 0;
			knownRegions = (
				en,
				Base,
			);
			mainGroup = F7738B2E2A1E08D300F83902;
			productRefGroup = F7738B382A1E08D300F83902 /* Products */;
			projectDirPath = "";
			projectRoot = "";
			targets = (
				F7738B362A1E08D300F83902 /* HIITFit */,
				F7738B462A1E08D500F83902 /* HIITFitTests */,
				F7738B502A1E08D600F83902 /* HIITFitUITests */,
			);
		};
/* End PBXProject section */

/* Begin PBXResourcesBuildPhase section */
		F7738B352A1E08D300F83902 /* Resources */ = {
			isa = PBXResourcesBuildPhase;
			buildActionMask = 2147483647;
			files = (
				F7738B422A1E08D500F83902 /* Preview Assets.xcassets in Resources */,
				F7738B3F2A1E08D500F83902 /* Assets.xcassets in Resources */,
			);
			runOnlyForDeploymentPostprocessing = 0;
		};
		F7738B452A1E08D500F83902 /* Resources */ = {
			isa = PBXResourcesBuildPhase;
			buildActionMask = 2147483647;
			files = (
			);
			runOnlyForDeploymentPostprocessing = 0;
		};
		F7738B4F2A1E08D600F83902 /* Resources */ = {
			isa = PBXResourcesBuildPhase;
			buildActionMask = 2147483647;
			files = (
			);
			runOnlyForDeploymentPostprocessing = 0;
		};
/* End PBXResourcesBuildPhase section */

/* Begin PBXSourcesBuildPhase section */
		F7738B332A1E08D300F83902 /* Sources */ = {
			isa = PBXSourcesBuildPhase;
			buildActionMask = 2147483647;
			files = (
				F7738B672A1E2CED00F83902 /* ExcerciseView.swift in Sources */,
				F7738B3D2A1E08D300F83902 /* ContentView.swift in Sources */,
				F7738B652A1E2CD000F83902 /* WelcomeView.swift in Sources */,
				F70B7C412A5D4732008CE1E0 /* OnboardingPagerView.swift in Sources */,
				F7738B3B2A1E08D300F83902 /* HIITFitApp.swift in Sources */,
				F70B7C3F2A5D470F008CE1E0 /* PageIndexView.swift in Sources */,
			);
			runOnlyForDeploymentPostprocessing = 0;
		};
		F7738B432A1E08D500F83902 /* Sources */ = {
			isa = PBXSourcesBuildPhase;
			buildActionMask = 2147483647;
			files = (
				F7738B4C2A1E08D600F83902 /* HIITFitTests.swift in Sources */,
			);
			runOnlyForDeploymentPostprocessing = 0;
		};
		F7738B4D2A1E08D600F83902 /* Sources */ = {
			isa = PBXSourcesBuildPhase;
			buildActionMask = 2147483647;
			files = (
				F7738B582A1E08D600F83902 /* HIITFitUITestsLaunchTests.swift in Sources */,
				F7738B562A1E08D600F83902 /* HIITFitUITests.swift in Sources */,
			);
			runOnlyForDeploymentPostprocessing = 0;
		};
/* End PBXSourcesBuildPhase section */

/* Begin PBXTargetDependency section */
		F7738B492A1E08D500F83902 /* PBXTargetDependency */ = {
			isa = PBXTargetDependency;
			target = F7738B362A1E08D300F83902 /* HIITFit */;
			targetProxy = F7738B482A1E08D500F83902 /* PBXContainerItemProxy */;
		};
		F7738B532A1E08D600F83902 /* PBXTargetDependency */ = {
			isa = PBXTargetDependency;
			target = F7738B362A1E08D300F83902 /* HIITFit */;
			targetProxy = F7738B522A1E08D600F83902 /* PBXContainerItemProxy */;
		};
/* End PBXTargetDependency section */

/* Begin XCBuildConfiguration section */
		F7738B592A1E08D600F83902 /* Debug */ = {
			isa = XCBuildConfiguration;
			buildSettings = {
				ALWAYS_SEARCH_USER_PATHS = NO;
				CLANG_ANALYZER_NONNULL = YES;
				CLANG_ANALYZER_NUMBER_OBJECT_CONVERSION = YES_AGGRESSIVE;
				CLANG_CXX_LANGUAGE_STANDARD = "gnu++20";
				CLANG_ENABLE_MODULES = YES;
				CLANG_ENABLE_OBJC_ARC = YES;
				CLANG_ENABLE_OBJC_WEAK = YES;
				CLANG_WARN_BLOCK_CAPTURE_AUTORELEASING = YES;
				CLANG_WARN_BOOL_CONVERSION = YES;
				CLANG_WARN_COMMA = YES;
				CLANG_WARN_CONSTANT_CONVERSION = YES;
				CLANG_WARN_DEPRECATED_OBJC_IMPLEMENTATIONS = YES;
				CLANG_WARN_DIRECT_OBJC_ISA_USAGE = YES_ERROR;
				CLANG_WARN_DOCUMENTATION_COMMENTS = YES;
				CLANG_WARN_EMPTY_BODY = YES;
				CLANG_WARN_ENUM_CONVERSION = YES;
				CLANG_WARN_INFINITE_RECURSION = YES;
				CLANG_WARN_INT_CONVERSION = YES;
				CLANG_WARN_NON_LITERAL_NULL_CONVERSION = YES;
				CLANG_WARN_OBJC_IMPLICIT_RETAIN_SELF = YES;
				CLANG_WARN_OBJC_LITERAL_CONVERSION = YES;
				CLANG_WARN_OBJC_ROOT_CLASS = YES_ERROR;
				CLANG_WARN_QUOTED_INCLUDE_IN_FRAMEWORK_HEADER = YES;
				CLANG_WARN_RANGE_LOOP_ANALYSIS = YES;
				CLANG_WARN_STRICT_PROTOTYPES = YES;
				CLANG_WARN_SUSPICIOUS_MOVE = YES;
				CLANG_WARN_UNGUARDED_AVAILABILITY = YES_AGGRESSIVE;
				CLANG_WARN_UNREACHABLE_CODE = YES;
				CLANG_WARN__DUPLICATE_METHOD_MATCH = YES;
				COPY_PHASE_STRIP = NO;
				DEBUG_INFORMATION_FORMAT = dwarf;
				ENABLE_STRICT_OBJC_MSGSEND = YES;
				ENABLE_TESTABILITY = YES;
				GCC_C_LANGUAGE_STANDARD = gnu11;
				GCC_DYNAMIC_NO_PIC = NO;
				GCC_NO_COMMON_BLOCKS = YES;
				GCC_OPTIMIZATION_LEVEL = 0;
				GCC_PREPROCESSOR_DEFINITIONS = (
					"DEBUG=1",
					"$(inherited)",
				);
				GCC_WARN_64_TO_32_BIT_CONVERSION = YES;
				GCC_WARN_ABOUT_RETURN_TYPE = YES_ERROR;
				GCC_WARN_UNDECLARED_SELECTOR = YES;
				GCC_WARN_UNINITIALIZED_AUTOS = YES_AGGRESSIVE;
				GCC_WARN_UNUSED_FUNCTION = YES;
				GCC_WARN_UNUSED_VARIABLE = YES;
				IPHONEOS_DEPLOYMENT_TARGET = 14.0;
				MTL_ENABLE_DEBUG_INFO = INCLUDE_SOURCE;
				MTL_FAST_MATH = YES;
				ONLY_ACTIVE_ARCH = YES;
				SDKROOT = iphoneos;
				SWIFT_ACTIVE_COMPILATION_CONDITIONS = DEBUG;
				SWIFT_OPTIMIZATION_LEVEL = "-Onone";
			};
			name = Debug;
		};
		F7738B5A2A1E08D600F83902 /* Release */ = {
			isa = XCBuildConfiguration;
			buildSettings = {
				ALWAYS_SEARCH_USER_PATHS = NO;
				CLANG_ANALYZER_NONNULL = YES;
				CLANG_ANALYZER_NUMBER_OBJECT_CONVERSION = YES_AGGRESSIVE;
				CLANG_CXX_LANGUAGE_STANDARD = "gnu++20";
				CLANG_ENABLE_MODULES = YES;
				CLANG_ENABLE_OBJC_ARC = YES;
				CLANG_ENABLE_OBJC_WEAK = YES;
				CLANG_WARN_BLOCK_CAPTURE_AUTORELEASING = YES;
				CLANG_WARN_BOOL_CONVERSION = YES;
				CLANG_WARN_COMMA = YES;
				CLANG_WARN_CONSTANT_CONVERSION = YES;
				CLANG_WARN_DEPRECATED_OBJC_IMPLEMENTATIONS = YES;
				CLANG_WARN_DIRECT_OBJC_ISA_USAGE = YES_ERROR;
				CLANG_WARN_DOCUMENTATION_COMMENTS = YES;
				CLANG_WARN_EMPTY_BODY = YES;
				CLANG_WARN_ENUM_CONVERSION = YES;
				CLANG_WARN_INFINITE_RECURSION = YES;
				CLANG_WARN_INT_CONVERSION = YES;
				CLANG_WARN_NON_LITERAL_NULL_CONVERSION = YES;
				CLANG_WARN_OBJC_IMPLICIT_RETAIN_SELF = YES;
				CLANG_WARN_OBJC_LITERAL_CONVERSION = YES;
				CLANG_WARN_OBJC_ROOT_CLASS = YES_ERROR;
				CLANG_WARN_QUOTED_INCLUDE_IN_FRAMEWORK_HEADER = YES;
				CLANG_WARN_RANGE_LOOP_ANALYSIS = YES;
				CLANG_WARN_STRICT_PROTOTYPES = YES;
				CLANG_WARN_SUSPICIOUS_MOVE = YES;
				CLANG_WARN_UNGUARDED_AVAILABILITY = YES_AGGRESSIVE;
				CLANG_WARN_UNREACHABLE_CODE = YES;
				CLANG_WARN__DUPLICATE_METHOD_MATCH = YES;
				COPY_PHASE_STRIP = NO;
				DEBUG_INFORMATION_FORMAT = "dwarf-with-dsym";
				ENABLE_NS_ASSERTIONS = NO;
				ENABLE_STRICT_OBJC_MSGSEND = YES;
				GCC_C_LANGUAGE_STANDARD = gnu11;
				GCC_NO_COMMON_BLOCKS = YES;
				GCC_WARN_64_TO_32_BIT_CONVERSION = YES;
				GCC_WARN_ABOUT_RETURN_TYPE = YES_ERROR;
				GCC_WARN_UNDECLARED_SELECTOR = YES;
				GCC_WARN_UNINITIALIZED_AUTOS = YES_AGGRESSIVE;
				GCC_WARN_UNUSED_FUNCTION = YES;
				GCC_WARN_UNUSED_VARIABLE = YES;
				IPHONEOS_DEPLOYMENT_TARGET = 14.0;
				MTL_ENABLE_DEBUG_INFO = NO;
				MTL_FAST_MATH = YES;
				SDKROOT = iphoneos;
				SWIFT_COMPILATION_MODE = wholemodule;
				SWIFT_OPTIMIZATION_LEVEL = "-O";
				VALIDATE_PRODUCT = YES;
			};
			name = Release;
		};
		F7738B5C2A1E08D600F83902 /* Debug */ = {
			isa = XCBuildConfiguration;
			buildSettings = {
				ASSETCATALOG_COMPILER_APPICON_NAME = AppIcon;
				ASSETCATALOG_COMPILER_GLOBAL_ACCENT_COLOR_NAME = AccentColor;
				CODE_SIGN_STYLE = Automatic;
				CURRENT_PROJECT_VERSION = 1;
				DEVELOPMENT_ASSET_PATHS = "\"HIITFit/Preview Content\"";
				DEVELOPMENT_TEAM = 37MCWN5VSJ;
				ENABLE_PREVIEWS = YES;
				GENERATE_INFOPLIST_FILE = YES;
				INFOPLIST_KEY_UIApplicationSceneManifest_Generation = YES;
				INFOPLIST_KEY_UIApplicationSupportsIndirectInputEvents = YES;
				INFOPLIST_KEY_UILaunchScreen_Generation = YES;
				INFOPLIST_KEY_UISupportedInterfaceOrientations_iPad = "UIInterfaceOrientationPortrait UIInterfaceOrientationPortraitUpsideDown UIInterfaceOrientationLandscapeLeft UIInterfaceOrientationLandscapeRight";
				INFOPLIST_KEY_UISupportedInterfaceOrientations_iPhone = "UIInterfaceOrientationPortrait UIInterfaceOrientationLandscapeLeft UIInterfaceOrientationLandscapeRight";
				LD_RUNPATH_SEARCH_PATHS = (
					"$(inherited)",
					"@executable_path/Frameworks",
				);
				MARKETING_VERSION = 1.0;
				PRODUCT_BUNDLE_IDENTIFIER = com.sulayman.learning.HIITFit;
				PRODUCT_NAME = "$(TARGET_NAME)";
				SWIFT_EMIT_LOC_STRINGS = YES;
				SWIFT_VERSION = 5.0;
				TARGETED_DEVICE_FAMILY = "1,2";
			};
			name = Debug;
		};
		F7738B5D2A1E08D600F83902 /* Release */ = {
			isa = XCBuildConfiguration;
			buildSettings = {
				ASSETCATALOG_COMPILER_APPICON_NAME = AppIcon;
				ASSETCATALOG_COMPILER_GLOBAL_ACCENT_COLOR_NAME = AccentColor;
				CODE_SIGN_STYLE = Automatic;
				CURRENT_PROJECT_VERSION = 1;
				DEVELOPMENT_ASSET_PATHS = "\"HIITFit/Preview Content\"";
				DEVELOPMENT_TEAM = 37MCWN5VSJ;
				ENABLE_PREVIEWS = YES;
				GENERATE_INFOPLIST_FILE = YES;
				INFOPLIST_KEY_UIApplicationSceneManifest_Generation = YES;
				INFOPLIST_KEY_UIApplicationSupportsIndirectInputEvents = YES;
				INFOPLIST_KEY_UILaunchScreen_Generation = YES;
				INFOPLIST_KEY_UISupportedInterfaceOrientations_iPad = "UIInterfaceOrientationPortrait UIInterfaceOrientationPortraitUpsideDown UIInterfaceOrientationLandscapeLeft UIInterfaceOrientationLandscapeRight";
				INFOPLIST_KEY_UISupportedInterfaceOrientations_iPhone = "UIInterfaceOrientationPortrait UIInterfaceOrientationLandscapeLeft UIInterfaceOrientationLandscapeRight";
				LD_RUNPATH_SEARCH_PATHS = (
					"$(inherited)",
					"@executable_path/Frameworks",
				);
				MARKETING_VERSION = 1.0;
				PRODUCT_BUNDLE_IDENTIFIER = com.sulayman.learning.HIITFit;
				PRODUCT_NAME = "$(TARGET_NAME)";
				SWIFT_EMIT_LOC_STRINGS = YES;
				SWIFT_VERSION = 5.0;
				TARGETED_DEVICE_FAMILY = "1,2";
			};
			name = Release;
		};
		F7738B5F2A1E08D600F83902 /* Debug */ = {
			isa = XCBuildConfiguration;
			buildSettings = {
				ALWAYS_EMBED_SWIFT_STANDARD_LIBRARIES = YES;
				BUNDLE_LOADER = "$(TEST_HOST)";
				CODE_SIGN_STYLE = Automatic;
				CURRENT_PROJECT_VERSION = 1;
				DEVELOPMENT_TEAM = 37MCWN5VSJ;
				GENERATE_INFOPLIST_FILE = YES;
				IPHONEOS_DEPLOYMENT_TARGET = 16.2;
				MARKETING_VERSION = 1.0;
				PRODUCT_BUNDLE_IDENTIFIER = com.sulayman.learning.HIITFitTests;
				PRODUCT_NAME = "$(TARGET_NAME)";
				SWIFT_EMIT_LOC_STRINGS = NO;
				SWIFT_VERSION = 5.0;
				TARGETED_DEVICE_FAMILY = "1,2";
				TEST_HOST = "$(BUILT_PRODUCTS_DIR)/HIITFit.app/$(BUNDLE_EXECUTABLE_FOLDER_PATH)/HIITFit";
			};
			name = Debug;
		};
		F7738B602A1E08D600F83902 /* Release */ = {
			isa = XCBuildConfiguration;
			buildSettings = {
				ALWAYS_EMBED_SWIFT_STANDARD_LIBRARIES = YES;
				BUNDLE_LOADER = "$(TEST_HOST)";
				CODE_SIGN_STYLE = Automatic;
				CURRENT_PROJECT_VERSION = 1;
				DEVELOPMENT_TEAM = 37MCWN5VSJ;
				GENERATE_INFOPLIST_FILE = YES;
				IPHONEOS_DEPLOYMENT_TARGET = 16.2;
				MARKETING_VERSION = 1.0;
				PRODUCT_BUNDLE_IDENTIFIER = com.sulayman.learning.HIITFitTests;
				PRODUCT_NAME = "$(TARGET_NAME)";
				SWIFT_EMIT_LOC_STRINGS = NO;
				SWIFT_VERSION = 5.0;
				TARGETED_DEVICE_FAMILY = "1,2";
				TEST_HOST = "$(BUILT_PRODUCTS_DIR)/HIITFit.app/$(BUNDLE_EXECUTABLE_FOLDER_PATH)/HIITFit";
			};
			name = Release;
		};
		F7738B622A1E08D600F83902 /* Debug */ = {
			isa = XCBuildConfiguration;
			buildSettings = {
				ALWAYS_EMBED_SWIFT_STANDARD_LIBRARIES = YES;
				CODE_SIGN_STYLE = Automatic;
				CURRENT_PROJECT_VERSION = 1;
				DEVELOPMENT_TEAM = 37MCWN5VSJ;
				GENERATE_INFOPLIST_FILE = YES;
				MARKETING_VERSION = 1.0;
				PRODUCT_BUNDLE_IDENTIFIER = com.sulayman.learning.HIITFitUITests;
				PRODUCT_NAME = "$(TARGET_NAME)";
				SWIFT_EMIT_LOC_STRINGS = NO;
				SWIFT_VERSION = 5.0;
				TARGETED_DEVICE_FAMILY = "1,2";
				TEST_TARGET_NAME = HIITFit;
			};
			name = Debug;
		};
		F7738B632A1E08D600F83902 /* Release */ = {
			isa = XCBuildConfiguration;
			buildSettings = {
				ALWAYS_EMBED_SWIFT_STANDARD_LIBRARIES = YES;
				CODE_SIGN_STYLE = Automatic;
				CURRENT_PROJECT_VERSION = 1;
				DEVELOPMENT_TEAM = 37MCWN5VSJ;
				GENERATE_INFOPLIST_FILE = YES;
				MARKETING_VERSION = 1.0;
				PRODUCT_BUNDLE_IDENTIFIER = com.sulayman.learning.HIITFitUITests;
				PRODUCT_NAME = "$(TARGET_NAME)";
				SWIFT_EMIT_LOC_STRINGS = NO;
				SWIFT_VERSION = 5.0;
				TARGETED_DEVICE_FAMILY = "1,2";
				TEST_TARGET_NAME = HIITFit;
			};
			name = Release;
		};
/* End XCBuildConfiguration section */

/* Begin XCConfigurationList section */
		F7738B322A1E08D300F83902 /* Build configuration list for PBXProject "HIITFit" */ = {
			isa = XCConfigurationList;
			buildConfigurations = (
				F7738B592A1E08D600F83902 /* Debug */,
				F7738B5A2A1E08D600F83902 /* Release */,
			);
			defaultConfigurationIsVisible = 0;
			defaultConfigurationName = Release;
		};
		F7738B5B2A1E08D600F83902 /* Build configuration list for PBXNativeTarget "HIITFit" */ = {
			isa = XCConfigurationList;
			buildConfigurations = (
				F7738B5C2A1E08D600F83902 /* Debug */,
				F7738B5D2A1E08D600F83902 /* Release */,
			);
			defaultConfigurationIsVisible = 0;
			defaultConfigurationName = Release;
		};
		F7738B5E2A1E08D600F83902 /* Build configuration list for PBXNativeTarget "HIITFitTests" */ = {
			isa = XCConfigurationList;
			buildConfigurations = (
				F7738B5F2A1E08D600F83902 /* Debug */,
				F7738B602A1E08D600F83902 /* Release */,
			);
			defaultConfigurationIsVisible = 0;
			defaultConfigurationName = Release;
		};
		F7738B612A1E08D600F83902 /* Build configuration list for PBXNativeTarget "HIITFitUITests" */ = {
			isa = XCConfigurationList;
			buildConfigurations = (
				F7738B622A1E08D600F83902 /* Debug */,
				F7738B632A1E08D600F83902 /* Release */,
			);
			defaultConfigurationIsVisible = 0;
			defaultConfigurationName = Release;
		};
/* End XCConfigurationList section */
	};
	rootObject = F7738B2F2A1E08D300F83902 /* Project object */;
}
